
Microsoft Visual Studio Solution File, Format Version 12.00
# Visual Studio Version 17
VisualStudioVersion = 17.13.35828.75 d17.13
MinimumVisualStudioVersion = 10.0.40219.1
Project("{FAE04EC0-301F-11D3-BF4B-00C04F79EFBC}") = "EventEaseProject", "EventEaseProject.csproj", "{E50DF705-7F4E-4362-A314-97CBFAC5E713}"
EndProject
Global
	GlobalSection(SolutionConfigurationPlatforms) = preSolution
		Debug|Any CPU = Debug|Any CPU
		Release|Any CPU = Release|Any CPU
	EndGlobalSection
	GlobalSection(ProjectConfigurationPlatforms) = postSolution
		{E50DF705-7F4E-4362-A314-97CBFAC5E713}.Debug|Any CPU.ActiveCfg = Debug|Any CPU
		{E50DF705-7F4E-4362-A314-97CBFAC5E713}.Debug|Any CPU.Build.0 = Debug|Any CPU
		{E50DF705-7F4E-4362-A314-97CBFAC5E713}.Release|Any CPU.ActiveCfg = Release|Any CPU
		{E50DF705-7F4E-4362-A314-97CBFAC5E713}.Release|Any CPU.Build.0 = Release|Any CPU
	EndGlobalSection
	GlobalSection(SolutionProperties) = preSolution
		HideSolutionNode = FALSE
	EndGlobalSection
	GlobalSection(ExtensibilityGlobals) = postSolution
		SolutionGuid = {E54FD62A-26A4-481F-87F6-BAAE785FC1EF}
	EndGlobalSection
EndGlobal
